
Microsoft Visual Studio Solution File, Format Version 12.00
# Visual Studio Version 16
VisualStudioVersion = 16.0.31424.327
MinimumVisualStudioVersion = 10.0.40219.1
Project("{FAE04EC0-301F-11D3-BF4B-00C04F79EFBC}") = "SystemProgrammingLesson3", "SystemProgrammingLesson3\SystemProgrammingLesson3.csproj", "{08E36922-6717-4284-A17D-C190FC3776D3}"
EndProject
Global
	GlobalSection(SolutionConfigurationPlatforms) = preSolution
		Debug|Any CPU = Debug|Any CPU
		Release|Any CPU = Release|Any CPU
	EndGlobalSection
	GlobalSection(ProjectConfigurationPlatforms) = postSolution
		{08E36922-6717-4284-A17D-C190FC3776D3}.Debug|Any CPU.ActiveCfg = Debug|Any CPU
		{08E36922-6717-4284-A17D-C190FC3776D3}.Debug|Any CPU.Build.0 = Debug|Any CPU
		{08E36922-6717-4284-A17D-C190FC3776D3}.Release|Any CPU.ActiveCfg = Release|Any CPU
		{08E36922-6717-4284-A17D-C190FC3776D3}.Release|Any CPU.Build.0 = Release|Any CPU
	EndGlobalSection
	GlobalSection(SolutionProperties) = preSolution
		HideSolutionNode = FALSE
	EndGlobalSection
	GlobalSection(ExtensibilityGlobals) = postSolution
		SolutionGuid = {F8D6AC70-551C-474C-9A0F-7A07BA66A97D}
	EndGlobalSection
EndGlobal
